
Microsoft Visual Studio Solution File, Format Version 12.00
# Visual Studio 2013
VisualStudioVersion = 12.0.40629.0
MinimumVisualStudioVersion = 10.0.40219.1
Project("{FAE04EC0-301F-11D3-BF4B-00C04F79EFBC}") = "IET.ESPAdmin.Web", "IET.ESPAdmin.Web\IET.ESPAdmin.Web.csproj", "{73866D71-9FE4-419F-99C8-FC5DA619D366}"
EndProject
Project("{FAE04EC0-301F-11D3-BF4B-00C04F79EFBC}") = "IET.ESP.Model", "IET.ESPAdmin.Model\IET.ESP.Model.csproj", "{20E27B36-651B-4861-9EFC-9E64CB9F380B}"
EndProject
Project("{FAE04EC0-301F-11D3-BF4B-00C04F79EFBC}") = "IET.ESPAdmin.Web.Tests", "IET.ESPAdmin.Web.Tests\IET.ESPAdmin.Web.Tests.csproj", "{98E7532B-22D0-40C0-8E58-CFEB05536909}"
EndProject
Project("{FAE04EC0-301F-11D3-BF4B-00C04F79EFBC}") = "IET.ESP.Service", "IET.ESP.Service\IET.ESP.Service.csproj", "{1DF5A010-594E-433E-8F0E-C459F52A2CB8}"
EndProject
Project("{FAE04EC0-301F-11D3-BF4B-00C04F79EFBC}") = "IET.ESP.Data", "IET.ESP.Data\IET.ESP.Data.csproj", "{93D5B046-8AED-4C59-9D6F-1DA31D798387}"
EndProject
Project("{FAE04EC0-301F-11D3-BF4B-00C04F79EFBC}") = "IET.Common", "IET.Common\IET.Common.csproj", "{F3835275-4CD2-49FB-B46D-B99290F90A27}"
EndProject
Global
	GlobalSection(SolutionConfigurationPlatforms) = preSolution
		Debug|Any CPU = Debug|Any CPU
		Release|Any CPU = Release|Any CPU
	EndGlobalSection
	GlobalSection(ProjectConfigurationPlatforms) = postSolution
		{73866D71-9FE4-419F-99C8-FC5DA619D366}.Debug|Any CPU.ActiveCfg = Debug|Any CPU
		{73866D71-9FE4-419F-99C8-FC5DA619D366}.Debug|Any CPU.Build.0 = Debug|Any CPU
		{73866D71-9FE4-419F-99C8-FC5DA619D366}.Release|Any CPU.ActiveCfg = Release|Any CPU
		{73866D71-9FE4-419F-99C8-FC5DA619D366}.Release|Any CPU.Build.0 = Release|Any CPU
		{20E27B36-651B-4861-9EFC-9E64CB9F380B}.Debug|Any CPU.ActiveCfg = Debug|Any CPU
		{20E27B36-651B-4861-9EFC-9E64CB9F380B}.Debug|Any CPU.Build.0 = Debug|Any CPU
		{20E27B36-651B-4861-9EFC-9E64CB9F380B}.Release|Any CPU.ActiveCfg = Release|Any CPU
		{20E27B36-651B-4861-9EFC-9E64CB9F380B}.Release|Any CPU.Build.0 = Release|Any CPU
		{98E7532B-22D0-40C0-8E58-CFEB05536909}.Debug|Any CPU.ActiveCfg = Debug|Any CPU
		{98E7532B-22D0-40C0-8E58-CFEB05536909}.Debug|Any CPU.Build.0 = Debug|Any CPU
		{98E7532B-22D0-40C0-8E58-CFEB05536909}.Release|Any CPU.ActiveCfg = Release|Any CPU
		{98E7532B-22D0-40C0-8E58-CFEB05536909}.Release|Any CPU.Build.0 = Release|Any CPU
		{1DF5A010-594E-433E-8F0E-C459F52A2CB8}.Debug|Any CPU.ActiveCfg = Debug|Any CPU
		{1DF5A010-594E-433E-8F0E-C459F52A2CB8}.Debug|Any CPU.Build.0 = Debug|Any CPU
		{1DF5A010-594E-433E-8F0E-C459F52A2CB8}.Release|Any CPU.ActiveCfg = Release|Any CPU
		{1DF5A010-594E-433E-8F0E-C459F52A2CB8}.Release|Any CPU.Build.0 = Release|Any CPU
		{93D5B046-8AED-4C59-9D6F-1DA31D798387}.Debug|Any CPU.ActiveCfg = Debug|Any CPU
		{93D5B046-8AED-4C59-9D6F-1DA31D798387}.Debug|Any CPU.Build.0 = Debug|Any CPU
		{93D5B046-8AED-4C59-9D6F-1DA31D798387}.Release|Any CPU.ActiveCfg = Release|Any CPU
		{93D5B046-8AED-4C59-9D6F-1DA31D798387}.Release|Any CPU.Build.0 = Release|Any CPU
		{F3835275-4CD2-49FB-B46D-B99290F90A27}.Debug|Any CPU.ActiveCfg = Debug|Any CPU
		{F3835275-4CD2-49FB-B46D-B99290F90A27}.Debug|Any CPU.Build.0 = Debug|Any CPU
		{F3835275-4CD2-49FB-B46D-B99290F90A27}.Release|Any CPU.ActiveCfg = Release|Any CPU
		{F3835275-4CD2-49FB-B46D-B99290F90A27}.Release|Any CPU.Build.0 = Release|Any CPU
	EndGlobalSection
	GlobalSection(SolutionProperties) = preSolution
		HideSolutionNode = FALSE
	EndGlobalSection
EndGlobal
